
Microsoft Visual Studio Solution File, Format Version 12.00
# Visual Studio 15
VisualStudioVersion = 15.0.28307.106
MinimumVisualStudioVersion = 10.0.40219.1
Project("{FAE04EC0-301F-11D3-BF4B-00C04F79EFBC}") = "PrsimSample.Android", "PrsimSample\PrsimSample.Android\PrsimSample.Android.csproj", "{E15D9A46-9060-4160-8A69-ACDBED44DE70}"
EndProject
Project("{FAE04EC0-301F-11D3-BF4B-00C04F79EFBC}") = "PrsimSample.iOS", "PrsimSample\PrsimSample.iOS\PrsimSample.iOS.csproj", "{B62172C9-5C58-4E7C-9DBF-68DA418AA1EB}"
EndProject
Project("{FAE04EC0-301F-11D3-BF4B-00C04F79EFBC}") = "PrsimSample", "PrsimSample\PrsimSample\PrsimSample.csproj", "{31FB18E7-0C84-493B-9873-B98168A34AB9}"
EndProject
Global
	GlobalSection(SolutionConfigurationPlatforms) = preSolution
		Ad-Hoc|Any CPU = Ad-Hoc|Any CPU
		Ad-Hoc|iPhone = Ad-Hoc|iPhone
		Ad-Hoc|iPhoneSimulator = Ad-Hoc|iPhoneSimulator
		AppStore|Any CPU = AppStore|Any CPU
		AppStore|iPhone = AppStore|iPhone
		AppStore|iPhoneSimulator = AppStore|iPhoneSimulator
		Debug|Any CPU = Debug|Any CPU
		Debug|iPhone = Debug|iPhone
		Debug|iPhoneSimulator = Debug|iPhoneSimulator
		Release|Any CPU = Release|Any CPU
		Release|iPhone = Release|iPhone
		Release|iPhoneSimulator = Release|iPhoneSimulator
	EndGlobalSection
	GlobalSection(ProjectConfigurationPlatforms) = postSolution
		{E15D9A46-9060-4160-8A69-ACDBED44DE70}.Ad-Hoc|Any CPU.ActiveCfg = Release|Any CPU
		{E15D9A46-9060-4160-8A69-ACDBED44DE70}.Ad-Hoc|Any CPU.Build.0 = Release|Any CPU
		{E15D9A46-9060-4160-8A69-ACDBED44DE70}.Ad-Hoc|Any CPU.Deploy.0 = Release|Any CPU
		{E15D9A46-9060-4160-8A69-ACDBED44DE70}.Ad-Hoc|iPhone.ActiveCfg = Release|Any CPU
		{E15D9A46-9060-4160-8A69-ACDBED44DE70}.Ad-Hoc|iPhone.Build.0 = Release|Any CPU
		{E15D9A46-9060-4160-8A69-ACDBED44DE70}.Ad-Hoc|iPhone.Deploy.0 = Release|Any CPU
		{E15D9A46-9060-4160-8A69-ACDBED44DE70}.Ad-Hoc|iPhoneSimulator.ActiveCfg = Release|Any CPU
		{E15D9A46-9060-4160-8A69-ACDBED44DE70}.Ad-Hoc|iPhoneSimulator.Build.0 = Release|Any CPU
		{E15D9A46-9060-4160-8A69-ACDBED44DE70}.Ad-Hoc|iPhoneSimulator.Deploy.0 = Release|Any CPU
		{E15D9A46-9060-4160-8A69-ACDBED44DE70}.AppStore|Any CPU.ActiveCfg = Release|Any CPU
		{E15D9A46-9060-4160-8A69-ACDBED44DE70}.AppStore|Any CPU.Build.0 = Release|Any CPU
		{E15D9A46-9060-4160-8A69-ACDBED44DE70}.AppStore|Any CPU.Deploy.0 = Release|Any CPU
		{E15D9A46-9060-4160-8A69-ACDBED44DE70}.AppStore|iPhone.ActiveCfg = Release|Any CPU
		{E15D9A46-9060-4160-8A69-ACDBED44DE70}.AppStore|iPhone.Build.0 = Release|Any CPU
		{E15D9A46-9060-4160-8A69-ACDBED44DE70}.AppStore|iPhone.Deploy.0 = Release|Any CPU
		{E15D9A46-9060-4160-8A69-ACDBED44DE70}.AppStore|iPhoneSimulator.ActiveCfg = Release|Any CPU
		{E15D9A46-9060-4160-8A69-ACDBED44DE70}.AppStore|iPhoneSimulator.Build.0 = Release|Any CPU
		{E15D9A46-9060-4160-8A69-ACDBED44DE70}.AppStore|iPhoneSimulator.Deploy.0 = Release|Any CPU
		{E15D9A46-9060-4160-8A69-ACDBED44DE70}.Debug|Any CPU.ActiveCfg = Debug|Any CPU
		{E15D9A46-9060-4160-8A69-ACDBED44DE70}.Debug|Any CPU.Build.0 = Debug|Any CPU
		{E15D9A46-9060-4160-8A69-ACDBED44DE70}.Debug|Any CPU.Deploy.0 = Debug|Any CPU
		{E15D9A46-9060-4160-8A69-ACDBED44DE70}.Debug|iPhone.ActiveCfg = Debug|Any CPU
		{E15D9A46-9060-4160-8A69-ACDBED44DE70}.Debug|iPhone.Build.0 = Debug|Any CPU
		{E15D9A46-9060-4160-8A69-ACDBED44DE70}.Debug|iPhone.Deploy.0 = Debug|Any CPU
		{E15D9A46-9060-4160-8A69-ACDBED44DE70}.Debug|iPhoneSimulator.ActiveCfg = Debug|Any CPU
		{E15D9A46-9060-4160-8A69-ACDBED44DE70}.Debug|iPhoneSimulator.Build.0 = Debug|Any CPU
		{E15D9A46-9060-4160-8A69-ACDBED44DE70}.Debug|iPhoneSimulator.Deploy.0 = Debug|Any CPU
		{E15D9A46-9060-4160-8A69-ACDBED44DE70}.Release|Any CPU.ActiveCfg = Release|Any CPU
		{E15D9A46-9060-4160-8A69-ACDBED44DE70}.Release|Any CPU.Build.0 = Release|Any CPU
		{E15D9A46-9060-4160-8A69-ACDBED44DE70}.Release|Any CPU.Deploy.0 = Release|Any CPU
		{E15D9A46-9060-4160-8A69-ACDBED44DE70}.Release|iPhone.ActiveCfg = Release|Any CPU
		{E15D9A46-9060-4160-8A69-ACDBED44DE70}.Release|iPhone.Build.0 = Release|Any CPU
		{E15D9A46-9060-4160-8A69-ACDBED44DE70}.Release|iPhone.Deploy.0 = Release|Any CPU
		{E15D9A46-9060-4160-8A69-ACDBED44DE70}.Release|iPhoneSimulator.ActiveCfg = Release|Any CPU
		{E15D9A46-9060-4160-8A69-ACDBED44DE70}.Release|iPhoneSimulator.Build.0 = Release|Any CPU
		{E15D9A46-9060-4160-8A69-ACDBED44DE70}.Release|iPhoneSimulator.Deploy.0 = Release|Any CPU
		{B62172C9-5C58-4E7C-9DBF-68DA418AA1EB}.Ad-Hoc|Any CPU.ActiveCfg = Ad-Hoc|iPhone
		{B62172C9-5C58-4E7C-9DBF-68DA418AA1EB}.Ad-Hoc|Any CPU.Build.0 = Ad-Hoc|iPhone
		{B62172C9-5C58-4E7C-9DBF-68DA418AA1EB}.Ad-Hoc|Any CPU.Deploy.0 = Ad-Hoc|iPhone
		{B62172C9-5C58-4E7C-9DBF-68DA418AA1EB}.Ad-Hoc|iPhone.ActiveCfg = Ad-Hoc|iPhone
		{B62172C9-5C58-4E7C-9DBF-68DA418AA1EB}.Ad-Hoc|iPhone.Build.0 = Ad-Hoc|iPhone
		{B62172C9-5C58-4E7C-9DBF-68DA418AA1EB}.Ad-Hoc|iPhone.Deploy.0 = Ad-Hoc|iPhone
		{B62172C9-5C58-4E7C-9DBF-68DA418AA1EB}.Ad-Hoc|iPhoneSimulator.ActiveCfg = Ad-Hoc|iPhoneSimulator
		{B62172C9-5C58-4E7C-9DBF-68DA418AA1EB}.Ad-Hoc|iPhoneSimulator.Build.0 = Ad-Hoc|iPhoneSimulator
		{B62172C9-5C58-4E7C-9DBF-68DA418AA1EB}.Ad-Hoc|iPhoneSimulator.Deploy.0 = Ad-Hoc|iPhoneSimulator
		{B62172C9-5C58-4E7C-9DBF-68DA418AA1EB}.AppStore|Any CPU.ActiveCfg = AppStore|iPhone
		{B62172C9-5C58-4E7C-9DBF-68DA418AA1EB}.AppStore|Any CPU.Build.0 = AppStore|iPhone
		{B62172C9-5C58-4E7C-9DBF-68DA418AA1EB}.AppStore|Any CPU.Deploy.0 = AppStore|iPhone
		{B62172C9-5C58-4E7C-9DBF-68DA418AA1EB}.AppStore|iPhone.ActiveCfg = AppStore|iPhone
		{B62172C9-5C58-4E7C-9DBF-68DA418AA1EB}.AppStore|iPhone.Build.0 = AppStore|iPhone
		{B62172C9-5C58-4E7C-9DBF-68DA418AA1EB}.AppStore|iPhone.Deploy.0 = AppStore|iPhone
		{B62172C9-5C58-4E7C-9DBF-68DA418AA1EB}.AppStore|iPhoneSimulator.ActiveCfg = AppStore|iPhoneSimulator
		{B62172C9-5C58-4E7C-9DBF-68DA418AA1EB}.AppStore|iPhoneSimulator.Build.0 = AppStore|iPhoneSimulator
		{B62172C9-5C58-4E7C-9DBF-68DA418AA1EB}.AppStore|iPhoneSimulator.Deploy.0 = AppStore|iPhoneSimulator
		{B62172C9-5C58-4E7C-9DBF-68DA418AA1EB}.Debug|Any CPU.ActiveCfg = Debug|iPhoneSimulator
		{B62172C9-5C58-4E7C-9DBF-68DA418AA1EB}.Debug|Any CPU.Build.0 = Debug|iPhoneSimulator
		{B62172C9-5C58-4E7C-9DBF-68DA418AA1EB}.Debug|Any CPU.Deploy.0 = Debug|iPhoneSimulator
		{B62172C9-5C58-4E7C-9DBF-68DA418AA1EB}.Debug|iPhone.ActiveCfg = Debug|iPhone
		{B62172C9-5C58-4E7C-9DBF-68DA418AA1EB}.Debug|iPhone.Build.0 = Debug|iPhone
		{B62172C9-5C58-4E7C-9DBF-68DA418AA1EB}.Debug|iPhone.Deploy.0 = Debug|iPhone
		{B62172C9-5C58-4E7C-9DBF-68DA418AA1EB}.Debug|iPhoneSimulator.ActiveCfg = Debug|iPhoneSimulator
		{B62172C9-5C58-4E7C-9DBF-68DA418AA1EB}.Debug|iPhoneSimulator.Build.0 = Debug|iPhoneSimulator
		{B62172C9-5C58-4E7C-9DBF-68DA418AA1EB}.Debug|iPhoneSimulator.Deploy.0 = Debug|iPhoneSimulator
		{B62172C9-5C58-4E7C-9DBF-68DA418AA1EB}.Release|Any CPU.ActiveCfg = Release|iPhone
		{B62172C9-5C58-4E7C-9DBF-68DA418AA1EB}.Release|Any CPU.Build.0 = Release|iPhone
		{B62172C9-5C58-4E7C-9DBF-68DA418AA1EB}.Release|Any CPU.Deploy.0 = Release|iPhone
		{B62172C9-5C58-4E7C-9DBF-68DA418AA1EB}.Release|iPhone.ActiveCfg = Release|iPhone
		{B62172C9-5C58-4E7C-9DBF-68DA418AA1EB}.Release|iPhone.Build.0 = Release|iPhone
		{B62172C9-5C58-4E7C-9DBF-68DA418AA1EB}.Release|iPhone.Deploy.0 = Release|iPhone
		{B62172C9-5C58-4E7C-9DBF-68DA418AA1EB}.Release|iPhoneSimulator.ActiveCfg = Release|iPhoneSimulator
		{B62172C9-5C58-4E7C-9DBF-68DA418AA1EB}.Release|iPhoneSimulator.Build.0 = Release|iPhoneSimulator
		{B62172C9-5C58-4E7C-9DBF-68DA418AA1EB}.Release|iPhoneSimulator.Deploy.0 = Release|iPhoneSimulator
		{31FB18E7-0C84-493B-9873-B98168A34AB9}.Ad-Hoc|Any CPU.ActiveCfg = Debug|Any CPU
		{31FB18E7-0C84-493B-9873-B98168A34AB9}.Ad-Hoc|Any CPU.Build.0 = Debug|Any CPU
		{31FB18E7-0C84-493B-9873-B98168A34AB9}.Ad-Hoc|Any CPU.Deploy.0 = Debug|Any CPU
		{31FB18E7-0C84-493B-9873-B98168A34AB9}.Ad-Hoc|iPhone.ActiveCfg = Debug|Any CPU
		{31FB18E7-0C84-493B-9873-B98168A34AB9}.Ad-Hoc|iPhone.Build.0 = Debug|Any CPU
		{31FB18E7-0C84-493B-9873-B98168A34AB9}.Ad-Hoc|iPhone.Deploy.0 = Debug|Any CPU
		{31FB18E7-0C84-493B-9873-B98168A34AB9}.Ad-Hoc|iPhoneSimulator.ActiveCfg = Debug|Any CPU
		{31FB18E7-0C84-493B-9873-B98168A34AB9}.Ad-Hoc|iPhoneSimulator.Build.0 = Debug|Any CPU
		{31FB18E7-0C84-493B-9873-B98168A34AB9}.Ad-Hoc|iPhoneSimulator.Deploy.0 = Debug|Any CPU
		{31FB18E7-0C84-493B-9873-B98168A34AB9}.AppStore|Any CPU.ActiveCfg = Debug|Any CPU
		{31FB18E7-0C84-493B-9873-B98168A34AB9}.AppStore|Any CPU.Build.0 = Debug|Any CPU
		{31FB18E7-0C84-493B-9873-B98168A34AB9}.AppStore|Any CPU.Deploy.0 = Debug|Any CPU
		{31FB18E7-0C84-493B-9873-B98168A34AB9}.AppStore|iPhone.ActiveCfg = Debug|Any CPU
		{31FB18E7-0C84-493B-9873-B98168A34AB9}.AppStore|iPhone.Build.0 = Debug|Any CPU
		{31FB18E7-0C84-493B-9873-B98168A34AB9}.AppStore|iPhone.Deploy.0 = Debug|Any CPU
		{31FB18E7-0C84-493B-9873-B98168A34AB9}.AppStore|iPhoneSimulator.ActiveCfg = Debug|Any CPU
		{31FB18E7-0C84-493B-9873-B98168A34AB9}.AppStore|iPhoneSimulator.Build.0 = Debug|Any CPU
		{31FB18E7-0C84-493B-9873-B98168A34AB9}.AppStore|iPhoneSimulator.Deploy.0 = Debug|Any CPU
		{31FB18E7-0C84-493B-9873-B98168A34AB9}.Debug|Any CPU.ActiveCfg = Debug|Any CPU
		{31FB18E7-0C84-493B-9873-B98168A34AB9}.Debug|Any CPU.Build.0 = Debug|Any CPU
		{31FB18E7-0C84-493B-9873-B98168A34AB9}.Debug|Any CPU.Deploy.0 = Debug|Any CPU
		{31FB18E7-0C84-493B-9873-B98168A34AB9}.Debug|iPhone.ActiveCfg = Debug|Any CPU
		{31FB18E7-0C84-493B-9873-B98168A34AB9}.Debug|iPhone.Build.0 = Debug|Any CPU
		{31FB18E7-0C84-493B-9873-B98168A34AB9}.Debug|iPhone.Deploy.0 = Debug|Any CPU
		{31FB18E7-0C84-493B-9873-B98168A34AB9}.Debug|iPhoneSimulator.ActiveCfg = Debug|Any CPU
		{31FB18E7-0C84-493B-9873-B98168A34AB9}.Debug|iPhoneSimulator.Build.0 = Debug|Any CPU
		{31FB18E7-0C84-493B-9873-B98168A34AB9}.Debug|iPhoneSimulator.Deploy.0 = Debug|Any CPU
		{31FB18E7-0C84-493B-9873-B98168A34AB9}.Release|Any CPU.ActiveCfg = Release|Any CPU
		{31FB18E7-0C84-493B-9873-B98168A34AB9}.Release|Any CPU.Build.0 = Release|Any CPU
		{31FB18E7-0C84-493B-9873-B98168A34AB9}.Release|Any CPU.Deploy.0 = Release|Any CPU
		{31FB18E7-0C84-493B-9873-B98168A34AB9}.Release|iPhone.ActiveCfg = Release|Any CPU
		{31FB18E7-0C84-493B-9873-B98168A34AB9}.Release|iPhone.Build.0 = Release|Any CPU
		{31FB18E7-0C84-493B-9873-B98168A34AB9}.Release|iPhone.Deploy.0 = Release|Any CPU
		{31FB18E7-0C84-493B-9873-B98168A34AB9}.Release|iPhoneSimulator.ActiveCfg = Release|Any CPU
		{31FB18E7-0C84-493B-9873-B98168A34AB9}.Release|iPhoneSimulator.Build.0 = Release|Any CPU
		{31FB18E7-0C84-493B-9873-B98168A34AB9}.Release|iPhoneSimulator.Deploy.0 = Release|Any CPU
	EndGlobalSection
	GlobalSection(SolutionProperties) = preSolution
		HideSolutionNode = FALSE
	EndGlobalSection
	GlobalSection(ExtensibilityGlobals) = postSolution
		SolutionGuid = {CAAF5711-6A00-4B44-97A2-9A48DE8D185C}
	EndGlobalSection
EndGlobal
